
Microsoft Visual Studio Solution File, Format Version 12.00
# Visual Studio Version 16
VisualStudioVersion = 16.0.30413.136
MinimumVisualStudioVersion = 10.0.40219.1
Project("{8BC9CEB8-8B4A-11D0-8D11-00A0C91BC942}") = "Demo_1_29", "Demo_1_29\Demo_1_29.vcxproj", "{EE7BBC7B-9F10-4EB6-ACE9-4035B88CD430}"
EndProject
Global
	GlobalSection(SolutionConfigurationPlatforms) = preSolution
		Debug|x64 = Debug|x64
		Debug|x86 = Debug|x86
		Release|x64 = Release|x64
		Release|x86 = Release|x86
	EndGlobalSection
	GlobalSection(ProjectConfigurationPlatforms) = postSolution
		{EE7BBC7B-9F10-4EB6-ACE9-4035B88CD430}.Debug|x64.ActiveCfg = Debug|x64
		{EE7BBC7B-9F10-4EB6-ACE9-4035B88CD430}.Debug|x64.Build.0 = Debug|x64
		{EE7BBC7B-9F10-4EB6-ACE9-4035B88CD430}.Debug|x86.ActiveCfg = Debug|Win32
		{EE7BBC7B-9F10-4EB6-ACE9-4035B88CD430}.Debug|x86.Build.0 = Debug|Win32
		{EE7BBC7B-9F10-4EB6-ACE9-4035B88CD430}.Release|x64.ActiveCfg = Release|x64
		{EE7BBC7B-9F10-4EB6-ACE9-4035B88CD430}.Release|x64.Build.0 = Release|x64
		{EE7BBC7B-9F10-4EB6-ACE9-4035B88CD430}.Release|x86.ActiveCfg = Release|Win32
		{EE7BBC7B-9F10-4EB6-ACE9-4035B88CD430}.Release|x86.Build.0 = Release|Win32
	EndGlobalSection
	GlobalSection(SolutionProperties) = preSolution
		HideSolutionNode = FALSE
	EndGlobalSection
	GlobalSection(ExtensibilityGlobals) = postSolution
		SolutionGuid = {72B77ACC-4E55-4E1E-9EFC-05C8F3CC6B70}
	EndGlobalSection
EndGlobal
